
Microsoft Visual Studio Solution File, Format Version 12.00
# Visual Studio 15
Project("{FAE04EC0-301F-11D3-BF4B-00C04F79EFBC}") = "Assembly-CSharp", "Assembly-CSharp.csproj", "{94C9DCF3-777F-2AD7-4C86-32EAF25C0849}"
EndProject
Project("{FAE04EC0-301F-11D3-BF4B-00C04F79EFBC}") = "Assembly-CSharp-Editor", "Assembly-CSharp-Editor.csproj", "{EDDD5A0D-0C3D-B8B3-BFD8-A2A60247FC88}"
EndProject
Global
	GlobalSection(SolutionConfigurationPlatforms) = preSolution
		Debug|Any CPU = Debug|Any CPU
		Release|Any CPU = Release|Any CPU
	EndGlobalSection
	GlobalSection(ProjectConfigurationPlatforms) = postSolution
		{94C9DCF3-777F-2AD7-4C86-32EAF25C0849}.Debug|Any CPU.ActiveCfg = Debug|Any CPU
		{94C9DCF3-777F-2AD7-4C86-32EAF25C0849}.Debug|Any CPU.Build.0 = Debug|Any CPU
		{94C9DCF3-777F-2AD7-4C86-32EAF25C0849}.Release|Any CPU.ActiveCfg = Release|Any CPU
		{94C9DCF3-777F-2AD7-4C86-32EAF25C0849}.Release|Any CPU.Build.0 = Release|Any CPU
		{EDDD5A0D-0C3D-B8B3-BFD8-A2A60247FC88}.Debug|Any CPU.ActiveCfg = Debug|Any CPU
		{EDDD5A0D-0C3D-B8B3-BFD8-A2A60247FC88}.Debug|Any CPU.Build.0 = Debug|Any CPU
		{EDDD5A0D-0C3D-B8B3-BFD8-A2A60247FC88}.Release|Any CPU.ActiveCfg = Release|Any CPU
		{EDDD5A0D-0C3D-B8B3-BFD8-A2A60247FC88}.Release|Any CPU.Build.0 = Release|Any CPU
	EndGlobalSection
	GlobalSection(SolutionProperties) = preSolution
		HideSolutionNode = FALSE
	EndGlobalSection
EndGlobal
